DEPENDENCIES
  mongo
    git: git@github.com:atahar123/MongoCookbookStarterCode.git
    revision: 241ba69a0e4dee4c4cb54a78cc8a5923216b2c39
  node
    git: git@github.com:atahar123/NodeCookbookStarterCode.git
    revision: cc596ecad81d90ba0982c0752a4c866f63f19e0f

GRAPH
  ark (5.0.0)
    seven_zip (>= 0.0.0)
  build-essential (8.2.1)
    mingw (>= 1.1)
    seven_zip (>= 0.0.0)
  mingw (2.1.0)
    seven_zip (>= 0.0.0)
  mongo (0.1.0)
  node (0.1.0)
    nodejs (~> 5.0.0)
  nodejs (5.0.0)
    ark (>= 2.0.2)
    build-essential (>= 0.0.0)
  seven_zip (3.1.2)
    windows (>= 0.0.0)
  windows (7.0.0)
